{
  "name": "one-click-ai-video-pilot-public",
  "lockfileVersion": 3,
  "requires": true,
  "packages": {
    "": {
      "name": "one-click-ai-video-pilot-public",
      "dependencies": {
        "jose": "^6.1.2"
      },
      "engines": {
        "node": "22.x"
      }
    },
    "node_modules/jose": {
      "version": "6.2.4",
      "resolved": "https://registry.npmjs.org/jose/-/jose-6.2.4.tgz",
      "integrity": "sha512-N8acGzVsQy6M/fjFcxtysNc4Q379TcM5dM/qKkNtsHFji88yANnXTr7BLeP75iPnFwBfQzM/jg2BZ9+HZrHCZA==",
      "license": "MIT",
      "funding": {
        "url": "https://github.com/sponsors/panva"
      }
    }
  }
}
